// !$*UTF8*$!
{
	archiveVersion = 1;
	classes = {
	};
	objectVersion = 46;
	objects = {

/* Begin PBXBuildFile section */
		4B707871CC2D7481A46ADE95 /* libPods-ChatX.a in Frameworks */ = {isa = PBXBuildFile; fileRef = DEEC1907138EDE16A4FCB197 /* libPods-ChatX.a */; };
		C9187AC01EBC3F1D009B23A8 /* Menu.m in Sources */ = {isa = PBXBuildFile; fileRef = C9187ABE1EBC3F1D009B23A8 /* Menu.m */; settings = {COMPILER_FLAGS = "-v"; }; };
		C9187AC81EBC3F3A009B23A8 /* KYDrawerController.m in Sources */ = {isa = PBXBuildFile; fileRef = C9187AC31EBC3F3A009B23A8 /* KYDrawerController.m */; settings = {COMPILER_FLAGS = "-v"; }; };
		C9187AC91EBC3F3A009B23A8 /* KYEmbedDrawerControllerSegue.m in Sources */ = {isa = PBXBuildFile; fileRef = C9187AC51EBC3F3A009B23A8 /* KYEmbedDrawerControllerSegue.m */; settings = {COMPILER_FLAGS = "-v"; }; };
		C9187ACA1EBC3F3A009B23A8 /* KYEmbedMainControllerSegue.m in Sources */ = {isa = PBXBuildFile; fileRef = C9187AC71EBC3F3A009B23A8 /* KYEmbedMainControllerSegue.m */; settings = {COMPILER_FLAGS = "-v"; }; };
		C92A226D1E867B0D0080C1D5 /* main.m in Sources */ = {isa = PBXBuildFile; fileRef = C92A226C1E867B0D0080C1D5 /* main.m */; settings = {COMPILER_FLAGS = "-v"; }; };
		C92A22701E867B0D0080C1D5 /* AppDelegate.m in Sources */ = {isa = PBXBuildFile; fileRef = C92A226F1E867B0D0080C1D5 /* AppDelegate.m */; settings = {COMPILER_FLAGS = "-v"; }; };
		C92A22731E867B0D0080C1D5 /* ViewController.m in Sources */ = {isa = PBXBuildFile; fileRef = C92A22721E867B0D0080C1D5 /* ViewController.m */; settings = {COMPILER_FLAGS = "-v"; }; };
		C92A22761E867B0D0080C1D5 /* Main.storyboard in Resources */ = {isa = PBXBuildFile; fileRef = C92A22741E867B0D0080C1D5 /* Main.storyboard */; };
		C92A22781E867B0D0080C1D5 /* Assets.xcassets in Resources */ = {isa = PBXBuildFile; fileRef = C92A22771E867B0D0080C1D5 /* Assets.xcassets */; };
		C92A227B1E867B0D0080C1D5 /* LaunchScreen.storyboard in Resources */ = {isa = PBXBuildFile; fileRef = C92A22791E867B0D0080C1D5 /* LaunchScreen.storyboard */; };
		C92A22831E867CD10080C1D5 /* GoogleService-Info.plist in Resources */ = {isa = PBXBuildFile; fileRef = C92A22821E867CD10080C1D5 /* GoogleService-Info.plist */; };
		C92A22861E87F7550080C1D5 /* NearMeViewController.m in Sources */ = {isa = PBXBuildFile; fileRef = C92A22851E87F7550080C1D5 /* NearMeViewController.m */; settings = {COMPILER_FLAGS = "-v"; }; };
		C92A22881E87F79C0080C1D5 /* empire.jpg in Resources */ = {isa = PBXBuildFile; fileRef = C92A22871E87F79C0080C1D5 /* empire.jpg */; };
		C92A228B1E88C7450080C1D5 /* SocketViewController.m in Sources */ = {isa = PBXBuildFile; fileRef = C92A228A1E88C7450080C1D5 /* SocketViewController.m */; settings = {COMPILER_FLAGS = "-v"; }; };
		C92A22971E88C8340080C1D5 /* SocketIOTransportXHR.m in Sources */ = {isa = PBXBuildFile; fileRef = C92A228C1E88C8340080C1D5 /* SocketIOTransportXHR.m */; settings = {COMPILER_FLAGS = "-v"; }; };
		C92A22981E88C8340080C1D5 /* SocketIOTransportWebsocket.m in Sources */ = {isa = PBXBuildFile; fileRef = C92A228E1E88C8340080C1D5 /* SocketIOTransportWebsocket.m */; settings = {COMPILER_FLAGS = "-v"; }; };
		C92A22991E88C8340080C1D5 /* SocketIOPacket.m in Sources */ = {isa = PBXBuildFile; fileRef = C92A22911E88C8340080C1D5 /* SocketIOPacket.m */; settings = {COMPILER_FLAGS = "-v"; }; };
		C92A229A1E88C8340080C1D5 /* SocketIOJSONSerialization.m in Sources */ = {isa = PBXBuildFile; fileRef = C92A22931E88C8340080C1D5 /* SocketIOJSONSerialization.m */; settings = {COMPILER_FLAGS = "-v"; }; };
		C92A229B1E88C8340080C1D5 /* SocketIO.m in Sources */ = {isa = PBXBuildFile; fileRef = C92A22951E88C8340080C1D5 /* SocketIO.m */; settings = {COMPILER_FLAGS = "-v"; }; };
		C92A22A41E88C84D0080C1D5 /* base64.c in Sources */ = {isa = PBXBuildFile; fileRef = C92A229D1E88C84D0080C1D5 /* base64.c */; settings = {COMPILER_FLAGS = "-v"; }; };
		C92A22A51E88C84D0080C1D5 /* NSData+SRB64Additions.m in Sources */ = {isa = PBXBuildFile; fileRef = C92A22A01E88C84D0080C1D5 /* NSData+SRB64Additions.m */; settings = {COMPILER_FLAGS = "-v"; }; };
		C92A22A61E88C84D0080C1D5 /* SRWebSocket.m in Sources */ = {isa = PBXBuildFile; fileRef = C92A22A31E88C84D0080C1D5 /* SRWebSocket.m */; settings = {COMPILER_FLAGS = "-v"; }; };
		C92A22A91E88CB240080C1D5 /* libicucore.tbd in Frameworks */ = {isa = PBXBuildFile; fileRef = C92A22A81E88CB240080C1D5 /* libicucore.tbd */; };
		C9567E751F84BEEE00E9A517 /* user.png in Resources */ = {isa = PBXBuildFile; fileRef = C9567E741F84BEEE00E9A517 /* user.png */; };
		C9567E771F84C16E00E9A517 /* defaultUser.png in Resources */ = {isa = PBXBuildFile; fileRef = C9567E761F84C16E00E9A517 /* defaultUser.png */; };
		C9567E791F84CB2600E9A517 /* splash.png in Resources */ = {isa = PBXBuildFile; fileRef = C9567E781F84CB2600E9A517 /* splash.png */; };
		C95ECBC21F4BD1CE00B44F25 /* ImageQueryObject.m in Sources */ = {isa = PBXBuildFile; fileRef = C95ECBC11F4BD1CE00B44F25 /* ImageQueryObject.m */; };
		C97E64081F3BDC4100BEA6BD /* trending.png in Resources */ = {isa = PBXBuildFile; fileRef = C97E64011F3BDC4100BEA6BD /* trending.png */; };
		C97E64091F3BDC4100BEA6BD /* myChatsBtn.png in Resources */ = {isa = PBXBuildFile; fileRef = C97E64021F3BDC4100BEA6BD /* myChatsBtn.png */; };
		C97E640A1F3BDC4100BEA6BD /* findNewBtn.png in Resources */ = {isa = PBXBuildFile; fileRef = C97E64031F3BDC4100BEA6BD /* findNewBtn.png */; };
		C97E640B1F3BDC4100BEA6BD /* background.png in Resources */ = {isa = PBXBuildFile; fileRef = C97E64041F3BDC4100BEA6BD /* background.png */; };
		C97E640C1F3BDC4100BEA6BD /* Background copy 2.png in Resources */ = {isa = PBXBuildFile; fileRef = C97E64051F3BDC4100BEA6BD /* Background copy 2.png */; };
		C97E640D1F3BDC4100BEA6BD /* addBtn.png in Resources */ = {isa = PBXBuildFile; fileRef = C97E64061F3BDC4100BEA6BD /* addBtn.png */; };
		C97E640E1F3BDC4100BEA6BD /* addBackground.png in Resources */ = {isa = PBXBuildFile; fileRef = C97E64071F3BDC4100BEA6BD /* addBackground.png */; };
		C97E64101F3BDC6700BEA6BD /* 20747871_1406543129423188_567774070_o.png in Resources */ = {isa = PBXBuildFile; fileRef = C97E640F1F3BDC6700BEA6BD /* 20747871_1406543129423188_567774070_o.png */; };
		C9886DDB1E9BAFF90042C5E4 /* ContentView.m in Sources */ = {isa = PBXBuildFile; fileRef = C9886DDA1E9BAFF90042C5E4 /* ContentView.m */; settings = {COMPILER_FLAGS = "-v"; }; };
		C9886DE31E9BB0140042C5E4 /* ChatCellSettings.m in Sources */ = {isa = PBXBuildFile; fileRef = C9886DE11E9BB0140042C5E4 /* ChatCellSettings.m */; settings = {COMPILER_FLAGS = "-v"; }; };
		C996E4C51F559FCE00E9A6B6 /* NavigationController.m in Sources */ = {isa = PBXBuildFile; fileRef = C996E4C41F559FCE00E9A6B6 /* NavigationController.m */; };
		C9A084D31F4C48C200786353 /* SubscribedChatsTableViewController.m in Sources */ = {isa = PBXBuildFile; fileRef = C9A084D21F4C48C200786353 /* SubscribedChatsTableViewController.m */; };
		C9AAB3401E91243400E37128 /* Image in Resources */ = {isa = PBXBuildFile; fileRef = C9AAB33F1E91243400E37128 /* Image */; };
		C9AAB3421E91265D00E37128 /* PhotosUI.framework in Frameworks */ = {isa = PBXBuildFile; fileRef = C9AAB3411E91265D00E37128 /* PhotosUI.framework */; };
		C9AAB3441E91266200E37128 /* Photos.framework in Frameworks */ = {isa = PBXBuildFile; fileRef = C9AAB3431E91266200E37128 /* Photos.framework */; };
		C9AAB3471E950D4500E37128 /* Text-MessageObject.m in Sources */ = {isa = PBXBuildFile; fileRef = C9AAB3461E950D4500E37128 /* Text-MessageObject.m */; settings = {COMPILER_FLAGS = "-v"; }; };
		C9AAB34A1E9525EA00E37128 /* TestTableViewController.m in Sources */ = {isa = PBXBuildFile; fileRef = C9AAB3491E9525EA00E37128 /* TestTableViewController.m */; settings = {COMPILER_FLAGS = "-v"; }; };
		C9AEF4A41EB8606B001BEB07 /* ProfileViewController.m in Sources */ = {isa = PBXBuildFile; fileRef = C9AEF4A31EB8606B001BEB07 /* ProfileViewController.m */; settings = {COMPILER_FLAGS = "-v"; }; };
		C9AEF4A61EB8618C001BEB07 /* IMG_6168.JPG in Resources */ = {isa = PBXBuildFile; fileRef = C9AEF4A51EB8618C001BEB07 /* IMG_6168.JPG */; };
		C9AEF4A91EB87AA0001BEB07 /* CreateChatViewController.m in Sources */ = {isa = PBXBuildFile; fileRef = C9AEF4A81EB87AA0001BEB07 /* CreateChatViewController.m */; settings = {COMPILER_FLAGS = "-v"; }; };
		C9AEF4AC1EB8B006001BEB07 /* ChatSettingsViewController.m in Sources */ = {isa = PBXBuildFile; fileRef = C9AEF4AB1EB8B006001BEB07 /* ChatSettingsViewController.m */; settings = {COMPILER_FLAGS = "-v"; }; };
		C9AEF4AF1EBAE70F001BEB07 /* RKCustomButton.m in Sources */ = {isa = PBXBuildFile; fileRef = C9AEF4AE1EBAE70F001BEB07 /* RKCustomButton.m */; settings = {COMPILER_FLAGS = "-v"; }; };
		C9C5086A1E8BE35F00F611C0 /* CardCell.m in Sources */ = {isa = PBXBuildFile; fileRef = C9C508681E8BE35F00F611C0 /* CardCell.m */; settings = {COMPILER_FLAGS = "-v"; }; };
		C9C5086E1E8BE3AB00F611C0 /* AdCell.m in Sources */ = {isa = PBXBuildFile; fileRef = C9C5086D1E8BE3AB00F611C0 /* AdCell.m */; settings = {COMPILER_FLAGS = "-v"; }; };
		C9D15F0C1F399F230006F82F /* ChatTableViewCell.m in Sources */ = {isa = PBXBuildFile; fileRef = C9D15F0A1F399F230006F82F /* ChatTableViewCell.m */; settings = {COMPILER_FLAGS = "-v"; }; };
		C9D15F0E1F399F340006F82F /* ImageReceiveCell.xib in Resources */ = {isa = PBXBuildFile; fileRef = C9D15F0D1F399F340006F82F /* ImageReceiveCell.xib */; };
		C9D15F111F399FC20006F82F /* ChatSendCell.xib in Resources */ = {isa = PBXBuildFile; fileRef = C9D15F0F1F399FC20006F82F /* ChatSendCell.xib */; };
		C9D15F121F399FC20006F82F /* ChatReceiveCell.xib in Resources */ = {isa = PBXBuildFile; fileRef = C9D15F101F399FC20006F82F /* ChatReceiveCell.xib */; };
		C9D15F151F399FF50006F82F /* ChatTableViewCellXIB.m in Sources */ = {isa = PBXBuildFile; fileRef = C9D15F131F399FF50006F82F /* ChatTableViewCellXIB.m */; settings = {COMPILER_FLAGS = "-v"; }; };
		C9D15F181F39A0550006F82F /* ImageTableViewCell.m in Sources */ = {isa = PBXBuildFile; fileRef = C9D15F171F39A0550006F82F /* ImageTableViewCell.m */; settings = {COMPILER_FLAGS = "-v"; }; };
		C9FA40451F7CE00F004820A9 /* menu.png in Resources */ = {isa = PBXBuildFile; fileRef = C9FA40441F7CE00F004820A9 /* menu.png */; };
		C9FA40481F7CE09E004820A9 /* menu@2x.png in Resources */ = {isa = PBXBuildFile; fileRef = C9FA40461F7CE09E004820A9 /* menu@2x.png */; };
		C9FA40491F7CE09E004820A9 /* menu@3x.png in Resources */ = {isa = PBXBuildFile; fileRef = C9FA40471F7CE09E004820A9 /* menu@3x.png */; };
		C9FA404B1F7CE26F004820A9 /* off.png in Resources */ = {isa = PBXBuildFile; fileRef = C9FA404A1F7CE26F004820A9 /* off.png */; };
		C9FA404E1F7CF790004820A9 /* background-login.png in Resources */ = {isa = PBXBuildFile; fileRef = C9FA404C1F7CF790004820A9 /* background-login.png */; };
		C9FA404F1F7CF790004820A9 /* logo-login.png in Resources */ = {isa = PBXBuildFile; fileRef = C9FA404D1F7CF790004820A9 /* logo-login.png */; };
		C9FCF7461F712AE100293685 /* LoginViewController.m in Sources */ = {isa = PBXBuildFile; fileRef = C9FCF7451F712AE100293685 /* LoginViewController.m */; };
		C9FCF7481F712C7A00293685 /* CHAT X.jpg in Resources */ = {isa = PBXBuildFile; fileRef = C9FCF7471F712C7A00293685 /* CHAT X.jpg */; };
/* End PBXBuildFile section */

/* Begin PBXFileReference section */
		06BE0EDAF80CA0DF3C15C6B8 /* Pods-ChatX.debug.xcconfig */ = {isa = PBXFileReference; includeInIndex = 1; lastKnownFileType = text.xcconfig; name = "Pods-ChatX.debug.xcconfig"; path = "Pods/Target Support Files/Pods-ChatX/Pods-ChatX.debug.xcconfig"; sourceTree = "<group>"; };
		37C4DD34327D8C025AC67C2D /* Pods-ChatX.release.xcconfig */ = {isa = PBXFileReference; includeInIndex = 1; lastKnownFileType = text.xcconfig; name = "Pods-ChatX.release.xcconfig"; path = "Pods/Target Support Files/Pods-ChatX/Pods-ChatX.release.xcconfig"; sourceTree = "<group>"; };
		C9187ABB1EBC3E57009B23A8 /* Menu.h */ = {isa = PBXFileReference; fileEncoding = 4; lastKnownFileType = sourcecode.c.h; path = Menu.h; sourceTree = "<group>"; };
		C9187ABC1EBC3E57009B23A8 /* Menu.m */ = {isa = PBXFileReference; fileEncoding = 4; lastKnownFileType = sourcecode.c.objc; path = Menu.m; sourceTree = "<group>"; };
		C9187ABE1EBC3F1D009B23A8 /* Menu.m */ = {isa = PBXFileReference; fileEncoding = 4; lastKnownFileType = sourcecode.c.objc; name = Menu.m; path = ../Menu.m; sourceTree = "<group>"; };
		C9187ABF1EBC3F1D009B23A8 /* Menu.h */ = {isa = PBXFileReference; fileEncoding = 4; lastKnownFileType = sourcecode.c.h; name = Menu.h; path = ../Menu.h; sourceTree = "<group>"; };
		C9187AC21EBC3F3A009B23A8 /* KYDrawerController.h */ = {isa = PBXFileReference; fileEncoding = 4; lastKnownFileType = sourcecode.c.h; path = KYDrawerController.h; sourceTree = "<group>"; };
		C9187AC31EBC3F3A009B23A8 /* KYDrawerController.m */ = {isa = PBXFileReference; fileEncoding = 4; lastKnownFileType = sourcecode.c.objc; path = KYDrawerController.m; sourceTree = "<group>"; };
		C9187AC41EBC3F3A009B23A8 /* KYEmbedDrawerControllerSegue.h */ = {isa = PBXFileReference; fileEncoding = 4; lastKnownFileType = sourcecode.c.h; path = KYEmbedDrawerControllerSegue.h; sourceTree = "<group>"; };
		C9187AC51EBC3F3A009B23A8 /* KYEmbedDrawerControllerSegue.m */ = {isa = PBXFileReference; fileEncoding = 4; lastKnownFileType = sourcecode.c.objc; path = KYEmbedDrawerControllerSegue.m; sourceTree = "<group>"; };
		C9187AC61EBC3F3A009B23A8 /* KYEmbedMainControllerSegue.h */ = {isa = PBXFileReference; fileEncoding = 4; lastKnownFileType = sourcecode.c.h; path = KYEmbedMainControllerSegue.h; sourceTree = "<group>"; };
		C9187AC71EBC3F3A009B23A8 /* KYEmbedMainControllerSegue.m */ = {isa = PBXFileReference; fileEncoding = 4; lastKnownFileType = sourcecode.c.objc; path = KYEmbedMainControllerSegue.m; sourceTree = "<group>"; };
		C92A22681E867B0D0080C1D5 /* ChatX.app */ = {isa = PBXFileReference; explicitFileType = wrapper.application; includeInIndex = 0; path = ChatX.app; sourceTree = BUILT_PRODUCTS_DIR; };
		C92A226C1E867B0D0080C1D5 /* main.m */ = {isa = PBXFileReference; lastKnownFileType = sourcecode.c.objc; path = main.m; sourceTree = "<group>"; };
		C92A226E1E867B0D0080C1D5 /* AppDelegate.h */ = {isa = PBXFileReference; lastKnownFileType = sourcecode.c.h; path = AppDelegate.h; sourceTree = "<group>"; };
		C92A226F1E867B0D0080C1D5 /* AppDelegate.m */ = {isa = PBXFileReference; lastKnownFileType = sourcecode.c.objc; path = AppDelegate.m; sourceTree = "<group>"; };
		C92A22711E867B0D0080C1D5 /* ViewController.h */ = {isa = PBXFileReference; lastKnownFileType = sourcecode.c.h; path = ViewController.h; sourceTree = "<group>"; };
		C92A22721E867B0D0080C1D5 /* ViewController.m */ = {isa = PBXFileReference; lastKnownFileType = sourcecode.c.objc; path = ViewController.m; sourceTree = "<group>"; };
		C92A22751E867B0D0080C1D5 /* Base */ = {isa = PBXFileReference; lastKnownFileType = file.storyboard; name = Base; path = Base.lproj/Main.storyboard; sourceTree = "<group>"; };
		C92A22771E867B0D0080C1D5 /* Assets.xcassets */ = {isa = PBXFileReference; lastKnownFileType = folder.assetcatalog; path = Assets.xcassets; sourceTree = "<group>"; };
		C92A227A1E867B0D0080C1D5 /* Base */ = {isa = PBXFileReference; lastKnownFileType = file.storyboard; name = Base; path = Base.lproj/LaunchScreen.storyboard; sourceTree = "<group>"; };
		C92A227C1E867B0D0080C1D5 /* Info.plist */ = {isa = PBXFileReference; lastKnownFileType = text.plist.xml; path = Info.plist; sourceTree = "<group>"; };
		C92A22821E867CD10080C1D5 /* GoogleService-Info.plist */ = {isa = PBXFileReference; fileEncoding = 4; lastKnownFileType = text.plist.xml; path = "GoogleService-Info.plist"; sourceTree = "<group>"; };
		C92A22841E87F7550080C1D5 /* NearMeViewController.h */ = {isa = PBXFileReference; fileEncoding = 4; lastKnownFileType = sourcecode.c.h; path = NearMeViewController.h; sourceTree = "<group>"; };
		C92A22851E87F7550080C1D5 /* NearMeViewController.m */ = {isa = PBXFileReference; fileEncoding = 4; lastKnownFileType = sourcecode.c.objc; path = NearMeViewController.m; sourceTree = "<group>"; };
		C92A22871E87F79C0080C1D5 /* empire.jpg */ = {isa = PBXFileReference; lastKnownFileType = image.jpeg; path = empire.jpg; sourceTree = "<group>"; };
		C92A22891E88C7450080C1D5 /* SocketViewController.h */ = {isa = PBXFileReference; fileEncoding = 4; lastKnownFileType = sourcecode.c.h; name = SocketViewController.h; path = VC/SocketViewController.h; sourceTree = "<group>"; };
		C92A228A1E88C7450080C1D5 /* SocketViewController.m */ = {isa = PBXFileReference; fileEncoding = 4; lastKnownFileType = sourcecode.c.objc; name = SocketViewController.m; path = VC/SocketViewController.m; sourceTree = "<group>"; };
		C92A228C1E88C8340080C1D5 /* SocketIOTransportXHR.m */ = {isa = PBXFileReference; fileEncoding = 4; lastKnownFileType = sourcecode.c.objc; path = SocketIOTransportXHR.m; sourceTree = "<group>"; };
		C92A228D1E88C8340080C1D5 /* SocketIOTransportXHR.h */ = {isa = PBXFileReference; fileEncoding = 4; lastKnownFileType = sourcecode.c.h; path = SocketIOTransportXHR.h; sourceTree = "<group>"; };
		C92A228E1E88C8340080C1D5 /* SocketIOTransportWebsocket.m */ = {isa = PBXFileReference; fileEncoding = 4; lastKnownFileType = sourcecode.c.objc; path = SocketIOTransportWebsocket.m; sourceTree = "<group>"; };
		C92A228F1E88C8340080C1D5 /* SocketIOTransportWebsocket.h */ = {isa = PBXFileReference; fileEncoding = 4; lastKnownFileType = sourcecode.c.h; path = SocketIOTransportWebsocket.h; sourceTree = "<group>"; };
		C92A22901E88C8340080C1D5 /* SocketIOTransport.h */ = {isa = PBXFileReference; fileEncoding = 4; lastKnownFileType = sourcecode.c.h; path = SocketIOTransport.h; sourceTree = "<group>"; };
		C92A22911E88C8340080C1D5 /* SocketIOPacket.m */ = {isa = PBXFileReference; fileEncoding = 4; lastKnownFileType = sourcecode.c.objc; path = SocketIOPacket.m; sourceTree = "<group>"; };
		C92A22921E88C8340080C1D5 /* SocketIOPacket.h */ = {isa = PBXFileReference; fileEncoding = 4; lastKnownFileType = sourcecode.c.h; path = SocketIOPacket.h; sourceTree = "<group>"; };
		C92A22931E88C8340080C1D5 /* SocketIOJSONSerialization.m */ = {isa = PBXFileReference; fileEncoding = 4; lastKnownFileType = sourcecode.c.objc; path = SocketIOJSONSerialization.m; sourceTree = "<group>"; };
		C92A22941E88C8340080C1D5 /* SocketIOJSONSerialization.h */ = {isa = PBXFileReference; fileEncoding = 4; lastKnownFileType = sourcecode.c.h; path = SocketIOJSONSerialization.h; sourceTree = "<group>"; };
		C92A22951E88C8340080C1D5 /* SocketIO.m */ = {isa = PBXFileReference; fileEncoding = 4; lastKnownFileType = sourcecode.c.objc; path = SocketIO.m; sourceTree = "<group>"; };
		C92A22961E88C8340080C1D5 /* SocketIO.h */ = {isa = PBXFileReference; fileEncoding = 4; lastKnownFileType = sourcecode.c.h; path = SocketIO.h; sourceTree = "<group>"; };
		C92A229D1E88C84D0080C1D5 /* base64.c */ = {isa = PBXFileReference; fileEncoding = 4; lastKnownFileType = sourcecode.c.c; path = base64.c; sourceTree = "<group>"; };
		C92A229E1E88C84D0080C1D5 /* base64.h */ = {isa = PBXFileReference; fileEncoding = 4; lastKnownFileType = sourcecode.c.h; path = base64.h; sourceTree = "<group>"; };
		C92A229F1E88C84D0080C1D5 /* NSData+SRB64Additions.h */ = {isa = PBXFileReference; fileEncoding = 4; lastKnownFileType = sourcecode.c.h; path = "NSData+SRB64Additions.h"; sourceTree = "<group>"; };
		C92A22A01E88C84D0080C1D5 /* NSData+SRB64Additions.m */ = {isa = PBXFileReference; fileEncoding = 4; lastKnownFileType = sourcecode.c.objc; path = "NSData+SRB64Additions.m"; sourceTree = "<group>"; };
		C92A22A11E88C84D0080C1D5 /* SocketRocket-Prefix.pch */ = {isa = PBXFileReference; fileEncoding = 4; lastKnownFileType = sourcecode.c.h; path = "SocketRocket-Prefix.pch"; sourceTree = "<group>"; };
		C92A22A21E88C84D0080C1D5 /* SRWebSocket.h */ = {isa = PBXFileReference; fileEncoding = 4; lastKnownFileType = sourcecode.c.h; path = SRWebSocket.h; sourceTree = "<group>"; };
		C92A22A31E88C84D0080C1D5 /* SRWebSocket.m */ = {isa = PBXFileReference; fileEncoding = 4; lastKnownFileType = sourcecode.c.objc; path = SRWebSocket.m; sourceTree = "<group>"; };
		C92A22A81E88CB240080C1D5 /* libicucore.tbd */ = {isa = PBXFileReference; lastKnownFileType = "sourcecode.text-based-dylib-definition"; name = libicucore.tbd; path = usr/lib/libicucore.tbd; sourceTree = SDKROOT; };
		C9567E741F84BEEE00E9A517 /* user.png */ = {isa = PBXFileReference; lastKnownFileType = image.png; path = user.png; sourceTree = "<group>"; };
		C9567E761F84C16E00E9A517 /* defaultUser.png */ = {isa = PBXFileReference; lastKnownFileType = image.png; path = defaultUser.png; sourceTree = "<group>"; };
		C9567E781F84CB2600E9A517 /* splash.png */ = {isa = PBXFileReference; lastKnownFileType = image.png; path = splash.png; sourceTree = "<group>"; };
		C95ECBC01F4BD1CE00B44F25 /* ImageQueryObject.h */ = {isa = PBXFileReference; fileEncoding = 4; lastKnownFileType = sourcecode.c.h; path = ImageQueryObject.h; sourceTree = "<group>"; };
		C95ECBC11F4BD1CE00B44F25 /* ImageQueryObject.m */ = {isa = PBXFileReference; fileEncoding = 4; lastKnownFileType = sourcecode.c.objc; path = ImageQueryObject.m; sourceTree = "<group>"; };
		C97E64011F3BDC4100BEA6BD /* trending.png */ = {isa = PBXFileReference; lastKnownFileType = image.png; path = trending.png; sourceTree = "<group>"; };
		C97E64021F3BDC4100BEA6BD /* myChatsBtn.png */ = {isa = PBXFileReference; lastKnownFileType = image.png; path = myChatsBtn.png; sourceTree = "<group>"; };
		C97E64031F3BDC4100BEA6BD /* findNewBtn.png */ = {isa = PBXFileReference; lastKnownFileType = image.png; path = findNewBtn.png; sourceTree = "<group>"; };
		C97E64041F3BDC4100BEA6BD /* background.png */ = {isa = PBXFileReference; lastKnownFileType = image.png; path = background.png; sourceTree = "<group>"; };
		C97E64051F3BDC4100BEA6BD /* Background copy 2.png */ = {isa = PBXFileReference; lastKnownFileType = image.png; path = "Background copy 2.png"; sourceTree = "<group>"; };
		C97E64061F3BDC4100BEA6BD /* addBtn.png */ = {isa = PBXFileReference; lastKnownFileType = image.png; path = addBtn.png; sourceTree = "<group>"; };
		C97E64071F3BDC4100BEA6BD /* addBackground.png */ = {isa = PBXFileReference; lastKnownFileType = image.png; path = addBackground.png; sourceTree = "<group>"; };
		C97E640F1F3BDC6700BEA6BD /* 20747871_1406543129423188_567774070_o.png */ = {isa = PBXFileReference; lastKnownFileType = image.png; path = 20747871_1406543129423188_567774070_o.png; sourceTree = "<group>"; };
		C9886DD91E9BAFF90042C5E4 /* ContentView.h */ = {isa = PBXFileReference; fileEncoding = 4; lastKnownFileType = sourcecode.c.h; name = ContentView.h; path = ChatX/ContentView.h; sourceTree = SOURCE_ROOT; };
		C9886DDA1E9BAFF90042C5E4 /* ContentView.m */ = {isa = PBXFileReference; fileEncoding = 4; lastKnownFileType = sourcecode.c.objc; name = ContentView.m; path = ChatX/ContentView.m; sourceTree = SOURCE_ROOT; };
		C9886DDE1E9BB0140042C5E4 /* ChatTableViewCell.h */ = {isa = PBXFileReference; fileEncoding = 4; lastKnownFileType = sourcecode.c.h; name = ChatTableViewCell.h; path = ChatX/ChatTableViewCell.h; sourceTree = SOURCE_ROOT; };
		C9886DDF1E9BB0140042C5E4 /* ChatTableViewCell.m */ = {isa = PBXFileReference; fileEncoding = 4; lastKnownFileType = sourcecode.c.objc; name = ChatTableViewCell.m; path = ChatX/ChatTableViewCell.m; sourceTree = SOURCE_ROOT; };
		C9886DE01E9BB0140042C5E4 /* ChatCellSettings.h */ = {isa = PBXFileReference; fileEncoding = 4; lastKnownFileType = sourcecode.c.h; name = ChatCellSettings.h; path = ChatX/ChatCellSettings.h; sourceTree = SOURCE_ROOT; };
		C9886DE11E9BB0140042C5E4 /* ChatCellSettings.m */ = {isa = PBXFileReference; fileEncoding = 4; lastKnownFileType = sourcecode.c.objc; name = ChatCellSettings.m; path = ChatX/ChatCellSettings.m; sourceTree = SOURCE_ROOT; };
		C996E4C31F559FCE00E9A6B6 /* NavigationController.h */ = {isa = PBXFileReference; fileEncoding = 4; lastKnownFileType = sourcecode.c.h; name = NavigationController.h; path = VC/NavigationController.h; sourceTree = "<group>"; };
		C996E4C41F559FCE00E9A6B6 /* NavigationController.m */ = {isa = PBXFileReference; fileEncoding = 4; lastKnownFileType = sourcecode.c.objc; name = NavigationController.m; path = VC/NavigationController.m; sourceTree = "<group>"; };
		C9A084D11F4C48C100786353 /* SubscribedChatsTableViewController.h */ = {isa = PBXFileReference; fileEncoding = 4; lastKnownFileType = sourcecode.c.h; name = SubscribedChatsTableViewController.h; path = VC/SubscribedChatsTableViewController.h; sourceTree = "<group>"; };
		C9A084D21F4C48C200786353 /* SubscribedChatsTableViewController.m */ = {isa = PBXFileReference; fileEncoding = 4; lastKnownFileType = sourcecode.c.objc; name = SubscribedChatsTableViewController.m; path = VC/SubscribedChatsTableViewController.m; sourceTree = "<group>"; };
		C9AAB33F1E91243400E37128 /* Image */ = {isa = PBXFileReference; fileEncoding = 4; lastKnownFileType = text; path = Image; sourceTree = "<group>"; };
		C9AAB3411E91265D00E37128 /* PhotosUI.framework */ = {isa = PBXFileReference; lastKnownFileType = wrapper.framework; name = PhotosUI.framework; path = System/Library/Frameworks/PhotosUI.framework; sourceTree = SDKROOT; };
		C9AAB3431E91266200E37128 /* Photos.framework */ = {isa = PBXFileReference; lastKnownFileType = wrapper.framework; name = Photos.framework; path = System/Library/Frameworks/Photos.framework; sourceTree = SDKROOT; };
		C9AAB3451E950D4500E37128 /* Text-MessageObject.h */ = {isa = PBXFileReference; fileEncoding = 4; lastKnownFileType = sourcecode.c.h; name = "Text-MessageObject.h"; path = "Models/Text-MessageObject.h"; sourceTree = "<group>"; };
		C9AAB3461E950D4500E37128 /* Text-MessageObject.m */ = {isa = PBXFileReference; fileEncoding = 4; lastKnownFileType = sourcecode.c.objc; name = "Text-MessageObject.m"; path = "Models/Text-MessageObject.m"; sourceTree = "<group>"; };
		C9AAB3481E9525EA00E37128 /* TestTableViewController.h */ = {isa = PBXFileReference; fileEncoding = 4; lastKnownFileType = sourcecode.c.h; path = TestTableViewController.h; sourceTree = "<group>"; };
		C9AAB3491E9525EA00E37128 /* TestTableViewController.m */ = {isa = PBXFileReference; fileEncoding = 4; lastKnownFileType = sourcecode.c.objc; path = TestTableViewController.m; sourceTree = "<group>"; };
		C9AEF4A21EB8606B001BEB07 /* ProfileViewController.h */ = {isa = PBXFileReference; fileEncoding = 4; lastKnownFileType = sourcecode.c.h; name = ProfileViewController.h; path = VC/ProfileViewController.h; sourceTree = "<group>"; };
		C9AEF4A31EB8606B001BEB07 /* ProfileViewController.m */ = {isa = PBXFileReference; fileEncoding = 4; lastKnownFileType = sourcecode.c.objc; name = ProfileViewController.m; path = VC/ProfileViewController.m; sourceTree = "<group>"; };
		C9AEF4A51EB8618C001BEB07 /* IMG_6168.JPG */ = {isa = PBXFileReference; lastKnownFileType = image.jpeg; path = IMG_6168.JPG; sourceTree = "<group>"; };
		C9AEF4A71EB87AA0001BEB07 /* CreateChatViewController.h */ = {isa = PBXFileReference; fileEncoding = 4; lastKnownFileType = sourcecode.c.h; name = CreateChatViewController.h; path = VC/CreateChatViewController.h; sourceTree = "<group>"; };
		C9AEF4A81EB87AA0001BEB07 /* CreateChatViewController.m */ = {isa = PBXFileReference; fileEncoding = 4; lastKnownFileType = sourcecode.c.objc; name = CreateChatViewController.m; path = VC/CreateChatViewController.m; sourceTree = "<group>"; };
		C9AEF4AA1EB8B006001BEB07 /* ChatSettingsViewController.h */ = {isa = PBXFileReference; fileEncoding = 4; lastKnownFileType = sourcecode.c.h; name = ChatSettingsViewController.h; path = VC/ChatSettingsViewController.h; sourceTree = "<group>"; };
		C9AEF4AB1EB8B006001BEB07 /* ChatSettingsViewController.m */ = {isa = PBXFileReference; fileEncoding = 4; lastKnownFileType = sourcecode.c.objc; name = ChatSettingsViewController.m; path = VC/ChatSettingsViewController.m; sourceTree = "<group>"; };
		C9AEF4AD1EBAE70F001BEB07 /* RKCustomButton.h */ = {isa = PBXFileReference; fileEncoding = 4; lastKnownFileType = sourcecode.c.h; path = RKCustomButton.h; sourceTree = "<group>"; };
		C9AEF4AE1EBAE70F001BEB07 /* RKCustomButton.m */ = {isa = PBXFileReference; fileEncoding = 4; lastKnownFileType = sourcecode.c.objc; path = RKCustomButton.m; sourceTree = "<group>"; };
		C9C508671E8B8FEE00F611C0 /* ChatX.entitlements */ = {isa = PBXFileReference; lastKnownFileType = text.plist.entitlements; path = ChatX.entitlements; sourceTree = "<group>"; };
		C9C508681E8BE35F00F611C0 /* CardCell.m */ = {isa = PBXFileReference; fileEncoding = 4; lastKnownFileType = sourcecode.c.objc; path = CardCell.m; sourceTree = "<group>"; };
		C9C508691E8BE35F00F611C0 /* CardCell.h */ = {isa = PBXFileReference; fileEncoding = 4; lastKnownFileType = sourcecode.c.h; path = CardCell.h; sourceTree = "<group>"; };
		C9C5086C1E8BE3AB00F611C0 /* AdCell.h */ = {isa = PBXFileReference; fileEncoding = 4; lastKnownFileType = sourcecode.c.h; path = AdCell.h; sourceTree = "<group>"; };
		C9C5086D1E8BE3AB00F611C0 /* AdCell.m */ = {isa = PBXFileReference; fileEncoding = 4; lastKnownFileType = sourcecode.c.objc; path = AdCell.m; sourceTree = "<group>"; };
		C9D15F0A1F399F230006F82F /* ChatTableViewCell.m */ = {isa = PBXFileReference; fileEncoding = 4; lastKnownFileType = sourcecode.c.objc; name = ChatTableViewCell.m; path = ChatX/ChatTableViewCell.m; sourceTree = SOURCE_ROOT; };
		C9D15F0B1F399F230006F82F /* ChatTableViewCell.h */ = {isa = PBXFileReference; fileEncoding = 4; lastKnownFileType = sourcecode.c.h; name = ChatTableViewCell.h; path = ChatX/ChatTableViewCell.h; sourceTree = SOURCE_ROOT; };
		C9D15F0D1F399F340006F82F /* ImageReceiveCell.xib */ = {isa = PBXFileReference; fileEncoding = 4; lastKnownFileType = file.xib; name = ImageReceiveCell.xib; path = ChatX/ImageReceiveCell.xib; sourceTree = SOURCE_ROOT; };
		C9D15F0F1F399FC20006F82F /* ChatSendCell.xib */ = {isa = PBXFileReference; fileEncoding = 4; lastKnownFileType = file.xib; name = ChatSendCell.xib; path = ChatX/ChatSendCell.xib; sourceTree = SOURCE_ROOT; };
		C9D15F101F399FC20006F82F /* ChatReceiveCell.xib */ = {isa = PBXFileReference; fileEncoding = 4; lastKnownFileType = file.xib; name = ChatReceiveCell.xib; path = ChatX/ChatReceiveCell.xib; sourceTree = SOURCE_ROOT; };
		C9D15F131F399FF50006F82F /* ChatTableViewCellXIB.m */ = {isa = PBXFileReference; fileEncoding = 4; lastKnownFileType = sourcecode.c.objc; name = ChatTableViewCellXIB.m; path = ChatX/ChatTableViewCellXIB.m; sourceTree = SOURCE_ROOT; };
		C9D15F141F399FF50006F82F /* ChatTableViewCellXIB.h */ = {isa = PBXFileReference; fileEncoding = 4; lastKnownFileType = sourcecode.c.h; name = ChatTableViewCellXIB.h; path = ChatX/ChatTableViewCellXIB.h; sourceTree = SOURCE_ROOT; };
		C9D15F161F39A0550006F82F /* ImageTableViewCell.h */ = {isa = PBXFileReference; fileEncoding = 4; lastKnownFileType = sourcecode.c.h; name = ImageTableViewCell.h; path = ChatX/ImageTableViewCell.h; sourceTree = SOURCE_ROOT; };
		C9D15F171F39A0550006F82F /* ImageTableViewCell.m */ = {isa = PBXFileReference; fileEncoding = 4; lastKnownFileType = sourcecode.c.objc; name = ImageTableViewCell.m; path = ChatX/ImageTableViewCell.m; sourceTree = SOURCE_ROOT; };
		C9FA40441F7CE00F004820A9 /* menu.png */ = {isa = PBXFileReference; lastKnownFileType = image.png; path = menu.png; sourceTree = "<group>"; };
		C9FA40461F7CE09E004820A9 /* menu@2x.png */ = {isa = PBXFileReference; lastKnownFileType = image.png; path = "menu@2x.png"; sourceTree = "<group>"; };
		C9FA40471F7CE09E004820A9 /* menu@3x.png */ = {isa = PBXFileReference; lastKnownFileType = image.png; path = "menu@3x.png"; sourceTree = "<group>"; };
		C9FA404A1F7CE26F004820A9 /* off.png */ = {isa = PBXFileReference; lastKnownFileType = image.png; path = off.png; sourceTree = "<group>"; };
		C9FA404C1F7CF790004820A9 /* background-login.png */ = {isa = PBXFileReference; lastKnownFileType = image.png; path = "background-login.png"; sourceTree = "<group>"; };
		C9FA404D1F7CF790004820A9 /* logo-login.png */ = {isa = PBXFileReference; lastKnownFileType = image.png; path = "logo-login.png"; sourceTree = "<group>"; };
		C9FCF7441F712AE100293685 /* LoginViewController.h */ = {isa = PBXFileReference; fileEncoding = 4; lastKnownFileType = sourcecode.c.h; name = LoginViewController.h; path = VC/LoginViewController.h; sourceTree = "<group>"; };
		C9FCF7451F712AE100293685 /* LoginViewController.m */ = {isa = PBXFileReference; fileEncoding = 4; lastKnownFileType = sourcecode.c.objc; name = LoginViewController.m; path = VC/LoginViewController.m; sourceTree = "<group>"; };
		C9FCF7471F712C7A00293685 /* CHAT X.jpg */ = {isa = PBXFileReference; lastKnownFileType = image.jpeg; path = "CHAT X.jpg"; sourceTree = "<group>"; };
		DEEC1907138EDE16A4FCB197 /* libPods-ChatX.a */ = {isa = PBXFileReference; explicitFileType = archive.ar; includeInIndex = 0; path = "libPods-ChatX.a"; sourceTree = BUILT_PRODUCTS_DIR; };
/* End PBXFileReference section */

/* Begin PBXFrameworksBuildPhase section */
		C92A22651E867B0D0080C1D5 /* Frameworks */ = {
			isa = PBXFrameworksBuildPhase;
			buildActionMask = 2147483647;
			files = (
				C9AAB3441E91266200E37128 /* Photos.framework in Frameworks */,
				C9AAB3421E91265D00E37128 /* PhotosUI.framework in Frameworks */,
				C92A22A91E88CB240080C1D5 /* libicucore.tbd in Frameworks */,
				4B707871CC2D7481A46ADE95 /* libPods-ChatX.a in Frameworks */,
			);
			runOnlyForDeploymentPostprocessing = 0;
		};
/* End PBXFrameworksBuildPhase section */

/* Begin PBXGroup section */
		0141200C4456F6B409863C57 /* Pods */ = {
			isa = PBXGroup;
			children = (
				06BE0EDAF80CA0DF3C15C6B8 /* Pods-ChatX.debug.xcconfig */,
				37C4DD34327D8C025AC67C2D /* Pods-ChatX.release.xcconfig */,
			);
			name = Pods;
			sourceTree = "<group>";
		};
		03B16E1BE1418FBE5ABE38CE /* Frameworks */ = {
			isa = PBXGroup;
			children = (
				C9AAB3431E91266200E37128 /* Photos.framework */,
				C9AAB3411E91265D00E37128 /* PhotosUI.framework */,
				C92A22A81E88CB240080C1D5 /* libicucore.tbd */,
				C92A22A71E88C8510080C1D5 /* SocketRocket */,
				C92A229C1E88C83A0080C1D5 /* Socket.IO */,
				DEEC1907138EDE16A4FCB197 /* libPods-ChatX.a */,
			);
			name = Frameworks;
			sourceTree = "<group>";
		};
		C9187AC11EBC3F3A009B23A8 /* KYDrawerController */ = {
			isa = PBXGroup;
			children = (
				C9187ABE1EBC3F1D009B23A8 /* Menu.m */,
				C9187ABF1EBC3F1D009B23A8 /* Menu.h */,
				C9187AC21EBC3F3A009B23A8 /* KYDrawerController.h */,
				C9187AC31EBC3F3A009B23A8 /* KYDrawerController.m */,
				C9187AC41EBC3F3A009B23A8 /* KYEmbedDrawerControllerSegue.h */,
				C9187AC51EBC3F3A009B23A8 /* KYEmbedDrawerControllerSegue.m */,
				C9187AC61EBC3F3A009B23A8 /* KYEmbedMainControllerSegue.h */,
				C9187AC71EBC3F3A009B23A8 /* KYEmbedMainControllerSegue.m */,
			);
			name = KYDrawerController;
			path = Classes;
			sourceTree = "<group>";
		};
		C92A225F1E867B0D0080C1D5 = {
			isa = PBXGroup;
			children = (
				C92A226A1E867B0D0080C1D5 /* ChatX */,
				C92A22691E867B0D0080C1D5 /* Products */,
				0141200C4456F6B409863C57 /* Pods */,
				03B16E1BE1418FBE5ABE38CE /* Frameworks */,
			);
			sourceTree = "<group>";
		};
		C92A22691E867B0D0080C1D5 /* Products */ = {
			isa = PBXGroup;
			children = (
				C92A22681E867B0D0080C1D5 /* ChatX.app */,
			);
			name = Products;
			sourceTree = "<group>";
		};
		C92A226A1E867B0D0080C1D5 /* ChatX */ = {
			isa = PBXGroup;
			children = (
				C9FCF7471F712C7A00293685 /* CHAT X.jpg */,
				C996E4C31F559FCE00E9A6B6 /* NavigationController.h */,
				C996E4C41F559FCE00E9A6B6 /* NavigationController.m */,
				C9187AC11EBC3F3A009B23A8 /* KYDrawerController */,
				C9C508671E8B8FEE00F611C0 /* ChatX.entitlements */,
				C92A226E1E867B0D0080C1D5 /* AppDelegate.h */,
				C92A226F1E867B0D0080C1D5 /* AppDelegate.m */,
				C92A22711E867B0D0080C1D5 /* ViewController.h */,
				C92A22721E867B0D0080C1D5 /* ViewController.m */,
				C9FCF7441F712AE100293685 /* LoginViewController.h */,
				C9FCF7451F712AE100293685 /* LoginViewController.m */,
				C92A22741E867B0D0080C1D5 /* Main.storyboard */,
				C9AEF4AA1EB8B006001BEB07 /* ChatSettingsViewController.h */,
				C9AEF4AB1EB8B006001BEB07 /* ChatSettingsViewController.m */,
				C92A22891E88C7450080C1D5 /* SocketViewController.h */,
				C92A228A1E88C7450080C1D5 /* SocketViewController.m */,
				C9A084D11F4C48C100786353 /* SubscribedChatsTableViewController.h */,
				C9A084D21F4C48C200786353 /* SubscribedChatsTableViewController.m */,
				C95ECBC01F4BD1CE00B44F25 /* ImageQueryObject.h */,
				C95ECBC11F4BD1CE00B44F25 /* ImageQueryObject.m */,
				C9AEF4A21EB8606B001BEB07 /* ProfileViewController.h */,
				C9AEF4A31EB8606B001BEB07 /* ProfileViewController.m */,
				C9AEF4A71EB87AA0001BEB07 /* CreateChatViewController.h */,
				C9AEF4A81EB87AA0001BEB07 /* CreateChatViewController.m */,
				C9AAB3481E9525EA00E37128 /* TestTableViewController.h */,
				C9AAB3491E9525EA00E37128 /* TestTableViewController.m */,
				C9AAB33F1E91243400E37128 /* Image */,
				C92A22771E867B0D0080C1D5 /* Assets.xcassets */,
				C92A22791E867B0D0080C1D5 /* LaunchScreen.storyboard */,
				C92A227C1E867B0D0080C1D5 /* Info.plist */,
				C92A22841E87F7550080C1D5 /* NearMeViewController.h */,
				C92A22851E87F7550080C1D5 /* NearMeViewController.m */,
				C92A22871E87F79C0080C1D5 /* empire.jpg */,
				C9AEF4A51EB8618C001BEB07 /* IMG_6168.JPG */,
				C9886DDC1E9BAFFE0042C5E4 /* ChatTable */,
				C9C5086B1E8BE36500F611C0 /* Cells */,
				C92A226B1E867B0D0080C1D5 /* Supporting Files */,
			);
			path = ChatX;
			sourceTree = "<group>";
		};
		C92A226B1E867B0D0080C1D5 /* Supporting Files */ = {
			isa = PBXGroup;
			children = (
				C9567E781F84CB2600E9A517 /* splash.png */,
				C9567E741F84BEEE00E9A517 /* user.png */,
				C9FA404C1F7CF790004820A9 /* background-login.png */,
				C9FA404D1F7CF790004820A9 /* logo-login.png */,
				C9FA404A1F7CE26F004820A9 /* off.png */,
				C9FA40461F7CE09E004820A9 /* menu@2x.png */,
				C9FA40471F7CE09E004820A9 /* menu@3x.png */,
				C97E63FF1F3BDC2700BEA6BD /* Images */,
				C9187ABB1EBC3E57009B23A8 /* Menu.h */,
				C9187ABC1EBC3E57009B23A8 /* Menu.m */,
				C9AEF4AD1EBAE70F001BEB07 /* RKCustomButton.h */,
				C9AEF4AE1EBAE70F001BEB07 /* RKCustomButton.m */,
				C92A22821E867CD10080C1D5 /* GoogleService-Info.plist */,
				C92A226C1E867B0D0080C1D5 /* main.m */,
			);
			name = "Supporting Files";
			sourceTree = "<group>";
		};
		C92A229C1E88C83A0080C1D5 /* Socket.IO */ = {
			isa = PBXGroup;
			children = (
				C92A228C1E88C8340080C1D5 /* SocketIOTransportXHR.m */,
				C92A228D1E88C8340080C1D5 /* SocketIOTransportXHR.h */,
				C92A228E1E88C8340080C1D5 /* SocketIOTransportWebsocket.m */,
				C92A228F1E88C8340080C1D5 /* SocketIOTransportWebsocket.h */,
				C92A22901E88C8340080C1D5 /* SocketIOTransport.h */,
				C92A22911E88C8340080C1D5 /* SocketIOPacket.m */,
				C92A22921E88C8340080C1D5 /* SocketIOPacket.h */,
				C92A22931E88C8340080C1D5 /* SocketIOJSONSerialization.m */,
				C92A22941E88C8340080C1D5 /* SocketIOJSONSerialization.h */,
				C92A22951E88C8340080C1D5 /* SocketIO.m */,
				C92A22961E88C8340080C1D5 /* SocketIO.h */,
			);
			name = Socket.IO;
			path = ChatX;
			sourceTree = "<group>";
		};
		C92A22A71E88C8510080C1D5 /* SocketRocket */ = {
			isa = PBXGroup;
			children = (
				C92A229D1E88C84D0080C1D5 /* base64.c */,
				C92A229E1E88C84D0080C1D5 /* base64.h */,
				C92A229F1E88C84D0080C1D5 /* NSData+SRB64Additions.h */,
				C92A22A01E88C84D0080C1D5 /* NSData+SRB64Additions.m */,
				C92A22A11E88C84D0080C1D5 /* SocketRocket-Prefix.pch */,
				C92A22A21E88C84D0080C1D5 /* SRWebSocket.h */,
				C92A22A31E88C84D0080C1D5 /* SRWebSocket.m */,
			);
			name = SocketRocket;
			path = ChatX;
			sourceTree = "<group>";
		};
		C97E63FF1F3BDC2700BEA6BD /* Images */ = {
			isa = PBXGroup;
			children = (
				C9FA40441F7CE00F004820A9 /* menu.png */,
				C97E64001F3BDC3200BEA6BD /* UI */,
			);
			name = Images;
			sourceTree = "<group>";
		};
		C97E64001F3BDC3200BEA6BD /* UI */ = {
			isa = PBXGroup;
			children = (
				C97E640F1F3BDC6700BEA6BD /* 20747871_1406543129423188_567774070_o.png */,
				C97E64011F3BDC4100BEA6BD /* trending.png */,
				C97E64021F3BDC4100BEA6BD /* myChatsBtn.png */,
				C97E64031F3BDC4100BEA6BD /* findNewBtn.png */,
				C97E64041F3BDC4100BEA6BD /* background.png */,
				C97E64051F3BDC4100BEA6BD /* Background copy 2.png */,
				C97E64061F3BDC4100BEA6BD /* addBtn.png */,
				C97E64071F3BDC4100BEA6BD /* addBackground.png */,
			);
			name = UI;
			sourceTree = "<group>";
		};
		C9886DDC1E9BAFFE0042C5E4 /* ChatTable */ = {
			isa = PBXGroup;
			children = (
				C9567E761F84C16E00E9A517 /* defaultUser.png */,
				C9886DEC1EA8CDBA0042C5E4 /* iMessageBubble using XIB */,
				C9886DE41E9BB0180042C5E4 /* Cell */,
				C9886DDD1E9BB0080042C5E4 /* ContentView */,
			);
			name = ChatTable;
			sourceTree = "<group>";
		};
		C9886DDD1E9BB0080042C5E4 /* ContentView */ = {
			isa = PBXGroup;
			children = (
				C9886DD91E9BAFF90042C5E4 /* ContentView.h */,
				C9886DDA1E9BAFF90042C5E4 /* ContentView.m */,
			);
			name = ContentView;
			sourceTree = "<group>";
		};
		C9886DE41E9BB0180042C5E4 /* Cell */ = {
			isa = PBXGroup;
			children = (
				C9886DDE1E9BB0140042C5E4 /* ChatTableViewCell.h */,
				C9886DDF1E9BB0140042C5E4 /* ChatTableViewCell.m */,
				C9886DE01E9BB0140042C5E4 /* ChatCellSettings.h */,
				C9886DE11E9BB0140042C5E4 /* ChatCellSettings.m */,
			);
			name = Cell;
			sourceTree = "<group>";
		};
		C9886DEC1EA8CDBA0042C5E4 /* iMessageBubble using XIB */ = {
			isa = PBXGroup;
			children = (
				C9D15F131F399FF50006F82F /* ChatTableViewCellXIB.m */,
				C9D15F141F399FF50006F82F /* ChatTableViewCellXIB.h */,
				C9D15F0F1F399FC20006F82F /* ChatSendCell.xib */,
				C9D15F101F399FC20006F82F /* ChatReceiveCell.xib */,
				C9D15F161F39A0550006F82F /* ImageTableViewCell.h */,
				C9D15F171F39A0550006F82F /* ImageTableViewCell.m */,
				C9D15F0D1F399F340006F82F /* ImageReceiveCell.xib */,
				C9D15F0A1F399F230006F82F /* ChatTableViewCell.m */,
				C9D15F0B1F399F230006F82F /* ChatTableViewCell.h */,
			);
			name = "iMessageBubble using XIB";
			path = "../../../../Downloads/iMessageBubble-master/Sample Project/iMessageBubble";
			sourceTree = "<group>";
		};
		C9C5086B1E8BE36500F611C0 /* Cells */ = {
			isa = PBXGroup;
			children = (
				C9C508681E8BE35F00F611C0 /* CardCell.m */,
				C9C508691E8BE35F00F611C0 /* CardCell.h */,
				C9C5086C1E8BE3AB00F611C0 /* AdCell.h */,
				C9C5086D1E8BE3AB00F611C0 /* AdCell.m */,
				C9AAB3451E950D4500E37128 /* Text-MessageObject.h */,
				C9AAB3461E950D4500E37128 /* Text-MessageObject.m */,
			);
			name = Cells;
			sourceTree = "<group>";
		};
/* End PBXGroup section */

/* Begin PBXNativeTarget section */
		C92A22671E867B0D0080C1D5 /* ChatX */ = {
			isa = PBXNativeTarget;
			buildConfigurationList = C92A227F1E867B0D0080C1D5 /* Build configuration list for PBXNativeTarget "ChatX" */;
			buildPhases = (
				3F87D1CD4F0C1292AC8A5D1C /* [CP] Check Pods Manifest.lock */,
				C92A22641E867B0D0080C1D5 /* Sources */,
				C92A22651E867B0D0080C1D5 /* Frameworks */,
				C92A22661E867B0D0080C1D5 /* Resources */,
				47A95388F67D75A449171554 /* [CP] Embed Pods Frameworks */,
				F38FC8B866AAEF49A5725C0C /* [CP] Copy Pods Resources */,
			);
			buildRules = (
			);
			dependencies = (
			);
			name = ChatX;
			productName = ChatX;
			productReference = C92A22681E867B0D0080C1D5 /* ChatX.app */;
			productType = "com.apple.product-type.application";
		};
/* End PBXNativeTarget section */

/* Begin PBXProject section */
		C92A22601E867B0D0080C1D5 /* Project object */ = {
			isa = PBXProject;
			attributes = {
				LastUpgradeCheck = 0800;
				ORGANIZATIONNAME = "Matt McInnes";
				TargetAttributes = {
					C92A22671E867B0D0080C1D5 = {
						CreatedOnToolsVersion = 8.0;
						DevelopmentTeam = 24SM6522LU;
						ProvisioningStyle = Automatic;
						SystemCapabilities = {
							com.apple.Keychain = {
								enabled = 1;
							};
							com.apple.Push = {
								enabled = 0;
							};
						};
					};
				};
			};
			buildConfigurationList = C92A22631E867B0D0080C1D5 /* Build configuration list for PBXProject "ChatX" */;
			compatibilityVersion = "Xcode 3.2";
			developmentRegion = English;
			hasScannedForEncodings = 0;
			knownRegions = (
				en,
				Base,
				fr,
				"pt-BR",
			);
			mainGroup = C92A225F1E867B0D0080C1D5;
			productRefGroup = C92A22691E867B0D0080C1D5 /* Products */;
			projectDirPath = "";
			projectRoot = "";
			targets = (
				C92A22671E867B0D0080C1D5 /* ChatX */,
			);
		};
/* End PBXProject section */

/* Begin PBXResourcesBuildPhase section */
		C92A22661E867B0D0080C1D5 /* Resources */ = {
			isa = PBXResourcesBuildPhase;
			buildActionMask = 2147483647;
			files = (
				C9AAB3401E91243400E37128 /* Image in Resources */,
				C9FA40481F7CE09E004820A9 /* menu@2x.png in Resources */,
				C92A227B1E867B0D0080C1D5 /* LaunchScreen.storyboard in Resources */,
				C9D15F111F399FC20006F82F /* ChatSendCell.xib in Resources */,
				C97E640C1F3BDC4100BEA6BD /* Background copy 2.png in Resources */,
				C9D15F121F399FC20006F82F /* ChatReceiveCell.xib in Resources */,
				C97E64081F3BDC4100BEA6BD /* trending.png in Resources */,
				C92A22881E87F79C0080C1D5 /* empire.jpg in Resources */,
				C9567E791F84CB2600E9A517 /* splash.png in Resources */,
				C97E64091F3BDC4100BEA6BD /* myChatsBtn.png in Resources */,
				C97E64101F3BDC6700BEA6BD /* 20747871_1406543129423188_567774070_o.png in Resources */,
				C92A22831E867CD10080C1D5 /* GoogleService-Info.plist in Resources */,
				C9FA404B1F7CE26F004820A9 /* off.png in Resources */,
				C9FA404F1F7CF790004820A9 /* logo-login.png in Resources */,
				C9AEF4A61EB8618C001BEB07 /* IMG_6168.JPG in Resources */,
				C97E640E1F3BDC4100BEA6BD /* addBackground.png in Resources */,
				C97E640D1F3BDC4100BEA6BD /* addBtn.png in Resources */,
				C9FA40491F7CE09E004820A9 /* menu@3x.png in Resources */,
				C97E640B1F3BDC4100BEA6BD /* background.png in Resources */,
				C9FCF7481F712C7A00293685 /* CHAT X.jpg in Resources */,
				C92A22781E867B0D0080C1D5 /* Assets.xcassets in Resources */,
				C9567E771F84C16E00E9A517 /* defaultUser.png in Resources */,
				C9FA40451F7CE00F004820A9 /* menu.png in Resources */,
				C92A22761E867B0D0080C1D5 /* Main.storyboard in Resources */,
				C9FA404E1F7CF790004820A9 /* background-login.png in Resources */,
				C97E640A1F3BDC4100BEA6BD /* findNewBtn.png in Resources */,
				C9567E751F84BEEE00E9A517 /* user.png in Resources */,
				C9D15F0E1F399F340006F82F /* ImageReceiveCell.xib in Resources */,
			);
			runOnlyForDeploymentPostprocessing = 0;
		};
/* End PBXResourcesBuildPhase section */

/* Begin PBXShellScriptBuildPhase section */
		3F87D1CD4F0C1292AC8A5D1C /* [CP] Check Pods Manifest.lock */ = {
			isa = PBXShellScriptBuildPhase;
			buildActionMask = 2147483647;
			files = (
			);
			inputPaths = (
			);
			name = "[CP] Check Pods Manifest.lock";
			outputPaths = (
			);
			runOnlyForDeploymentPostprocessing = 0;
			shellPath = /bin/sh;
			shellScript = "diff \"${PODS_ROOT}/../Podfile.lock\" \"${PODS_ROOT}/Manifest.lock\" > /dev/null\nif [ $? != 0 ] ; then\n    # print error to STDERR\n    echo \"error: The sandbox is not in sync with the Podfile.lock. Run 'pod install' or update your CocoaPods installation.\" >&2\n    exit 1\nfi\n";
			showEnvVarsInLog = 0;
		};
		47A95388F67D75A449171554 /* [CP] Embed Pods Frameworks */ = {
			isa = PBXShellScriptBuildPhase;
			buildActionMask = 2147483647;
			files = (
			);
			inputPaths = (
			);
			name = "[CP] Embed Pods Frameworks";
			outputPaths = (
			);
			runOnlyForDeploymentPostprocessing = 0;
			shellPath = /bin/sh;
			shellScript = "\"${SRCROOT}/Pods/Target Support Files/Pods-ChatX/Pods-ChatX-frameworks.sh\"\n";
			showEnvVarsInLog = 0;
		};
		F38FC8B866AAEF49A5725C0C /* [CP] Copy Pods Resources */ = {
			isa = PBXShellScriptBuildPhase;
			buildActionMask = 2147483647;
			files = (
			);
			inputPaths = (
			);
			name = "[CP] Copy Pods Resources";
			outputPaths = (
			);
			runOnlyForDeploymentPostprocessing = 0;
			shellPath = /bin/sh;
			shellScript = "\"${SRCROOT}/Pods/Target Support Files/Pods-ChatX/Pods-ChatX-resources.sh\"\n";
			showEnvVarsInLog = 0;
		};
/* End PBXShellScriptBuildPhase section */

/* Begin PBXSourcesBuildPhase section */
		C92A22641E867B0D0080C1D5 /* Sources */ = {
			isa = PBXSourcesBuildPhase;
			buildActionMask = 2147483647;
			files = (
				C92A22A51E88C84D0080C1D5 /* NSData+SRB64Additions.m in Sources */,
				C9C5086A1E8BE35F00F611C0 /* CardCell.m in Sources */,
				C9886DDB1E9BAFF90042C5E4 /* ContentView.m in Sources */,
				C92A228B1E88C7450080C1D5 /* SocketViewController.m in Sources */,
				C92A22A41E88C84D0080C1D5 /* base64.c in Sources */,
				C9AEF4A91EB87AA0001BEB07 /* CreateChatViewController.m in Sources */,
				C9AAB34A1E9525EA00E37128 /* TestTableViewController.m in Sources */,
				C92A22981E88C8340080C1D5 /* SocketIOTransportWebsocket.m in Sources */,
				C92A22861E87F7550080C1D5 /* NearMeViewController.m in Sources */,
				C9187AC81EBC3F3A009B23A8 /* KYDrawerController.m in Sources */,
				C92A22731E867B0D0080C1D5 /* ViewController.m in Sources */,
				C9AEF4A41EB8606B001BEB07 /* ProfileViewController.m in Sources */,
				C92A229B1E88C8340080C1D5 /* SocketIO.m in Sources */,
				C95ECBC21F4BD1CE00B44F25 /* ImageQueryObject.m in Sources */,
				C9C5086E1E8BE3AB00F611C0 /* AdCell.m in Sources */,
				C9A084D31F4C48C200786353 /* SubscribedChatsTableViewController.m in Sources */,
				C9187AC91EBC3F3A009B23A8 /* KYEmbedDrawerControllerSegue.m in Sources */,
				C9AEF4AC1EB8B006001BEB07 /* ChatSettingsViewController.m in Sources */,
				C9D15F0C1F399F230006F82F /* ChatTableViewCell.m in Sources */,
				C9886DE31E9BB0140042C5E4 /* ChatCellSettings.m in Sources */,
				C9D15F151F399FF50006F82F /* ChatTableViewCellXIB.m in Sources */,
				C9AEF4AF1EBAE70F001BEB07 /* RKCustomButton.m in Sources */,
				C92A22991E88C8340080C1D5 /* SocketIOPacket.m in Sources */,
				C9187AC01EBC3F1D009B23A8 /* Menu.m in Sources */,
				C9FCF7461F712AE100293685 /* LoginViewController.m in Sources */,
				C9D15F181F39A0550006F82F /* ImageTableViewCell.m in Sources */,
				C92A22701E867B0D0080C1D5 /* AppDelegate.m in Sources */,
				C92A226D1E867B0D0080C1D5 /* main.m in Sources */,
				C92A22971E88C8340080C1D5 /* SocketIOTransportXHR.m in Sources */,
				C9187ACA1EBC3F3A009B23A8 /* KYEmbedMainControllerSegue.m in Sources */,
				C9AAB3471E950D4500E37128 /* Text-MessageObject.m in Sources */,
				C996E4C51F559FCE00E9A6B6 /* NavigationController.m in Sources */,
				C92A22A61E88C84D0080C1D5 /* SRWebSocket.m in Sources */,
				C92A229A1E88C8340080C1D5 /* SocketIOJSONSerialization.m in Sources */,
			);
			runOnlyForDeploymentPostprocessing = 0;
		};
/* End PBXSourcesBuildPhase section */

/* Begin PBXVariantGroup section */
		C92A22741E867B0D0080C1D5 /* Main.storyboard */ = {
			isa = PBXVariantGroup;
			children = (
				C92A22751E867B0D0080C1D5 /* Base */,
			);
			name = Main.storyboard;
			sourceTree = "<group>";
		};
		C92A22791E867B0D0080C1D5 /* LaunchScreen.storyboard */ = {
			isa = PBXVariantGroup;
			children = (
				C92A227A1E867B0D0080C1D5 /* Base */,
			);
			name = LaunchScreen.storyboard;
			sourceTree = "<group>";
		};
/* End PBXVariantGroup section */

/* Begin XCBuildConfiguration section */
		C92A227D1E867B0D0080C1D5 /* Debug */ = {
			isa = XCBuildConfiguration;
			buildSettings = {
				ALWAYS_SEARCH_USER_PATHS = NO;
				CLANG_ANALYZER_NONNULL = YES;
				CLANG_CXX_LANGUAGE_STANDARD = "gnu++0x";
				CLANG_CXX_LIBRARY = "libc++";
				CLANG_ENABLE_MODULES = YES;
				CLANG_ENABLE_OBJC_ARC = YES;
				CLANG_WARN_BOOL_CONVERSION = YES;
				CLANG_WARN_CONSTANT_CONVERSION = YES;
				CLANG_WARN_DIRECT_OBJC_ISA_USAGE = YES_ERROR;
				CLANG_WARN_DOCUMENTATION_COMMENTS = YES;
				CLANG_WARN_EMPTY_BODY = YES;
				CLANG_WARN_ENUM_CONVERSION = YES;
				CLANG_WARN_INFINITE_RECURSION = YES;
				CLANG_WARN_INT_CONVERSION = YES;
				CLANG_WARN_OBJC_ROOT_CLASS = YES_ERROR;
				CLANG_WARN_SUSPICIOUS_MOVES = YES;
				CLANG_WARN_UNREACHABLE_CODE = YES;
				CLANG_WARN__DUPLICATE_METHOD_MATCH = YES;
				"CODE_SIGN_IDENTITY[sdk=iphoneos*]" = "iPhone Developer";
				COPY_PHASE_STRIP = NO;
				DEBUG_INFORMATION_FORMAT = dwarf;
				ENABLE_STRICT_OBJC_MSGSEND = YES;
				ENABLE_TESTABILITY = YES;
				GCC_C_LANGUAGE_STANDARD = gnu99;
				GCC_DYNAMIC_NO_PIC = NO;
				GCC_NO_COMMON_BLOCKS = YES;
				GCC_OPTIMIZATION_LEVEL = 0;
				GCC_PREPROCESSOR_DEFINITIONS = (
					"DEBUG=1",
					"$(inherited)",
				);
				GCC_WARN_64_TO_32_BIT_CONVERSION = YES;
				GCC_WARN_ABOUT_RETURN_TYPE = YES_ERROR;
				GCC_WARN_UNDECLARED_SELECTOR = YES;
				GCC_WARN_UNINITIALIZED_AUTOS = YES_AGGRESSIVE;
				GCC_WARN_UNUSED_FUNCTION = YES;
				GCC_WARN_UNUSED_VARIABLE = YES;
				IPHONEOS_DEPLOYMENT_TARGET = 10.0;
				MTL_ENABLE_DEBUG_INFO = YES;
				ONLY_ACTIVE_ARCH = YES;
				SDKROOT = iphoneos;
			};
			name = Debug;
		};
		C92A227E1E867B0D0080C1D5 /* Release */ = {
			isa = XCBuildConfiguration;
			buildSettings = {
				ALWAYS_SEARCH_USER_PATHS = NO;
				CLANG_ANALYZER_NONNULL = YES;
				CLANG_CXX_LANGUAGE_STANDARD = "gnu++0x";
				CLANG_CXX_LIBRARY = "libc++";
				CLANG_ENABLE_MODULES = YES;
				CLANG_ENABLE_OBJC_ARC = YES;
				CLANG_WARN_BOOL_CONVERSION = YES;
				CLANG_WARN_CONSTANT_CONVERSION = YES;
				CLANG_WARN_DIRECT_OBJC_ISA_USAGE = YES_ERROR;
				CLANG_WARN_DOCUMENTATION_COMMENTS = YES;
				CLANG_WARN_EMPTY_BODY = YES;
				CLANG_WARN_ENUM_CONVERSION = YES;
				CLANG_WARN_INFINITE_RECURSION = YES;
				CLANG_WARN_INT_CONVERSION = YES;
				CLANG_WARN_OBJC_ROOT_CLASS = YES_ERROR;
				CLANG_WARN_SUSPICIOUS_MOVES = YES;
				CLANG_WARN_UNREACHABLE_CODE = YES;
				CLANG_WARN__DUPLICATE_METHOD_MATCH = YES;
				"CODE_SIGN_IDENTITY[sdk=iphoneos*]" = "iPhone Developer";
				COPY_PHASE_STRIP = NO;
				DEBUG_INFORMATION_FORMAT = "dwarf-with-dsym";
				ENABLE_NS_ASSERTIONS = NO;
				ENABLE_STRICT_OBJC_MSGSEND = YES;
				GCC_C_LANGUAGE_STANDARD = gnu99;
				GCC_NO_COMMON_BLOCKS = YES;
				GCC_WARN_64_TO_32_BIT_CONVERSION = YES;
				GCC_WARN_ABOUT_RETURN_TYPE = YES_ERROR;
				GCC_WARN_UNDECLARED_SELECTOR = YES;
				GCC_WARN_UNINITIALIZED_AUTOS = YES_AGGRESSIVE;
				GCC_WARN_UNUSED_FUNCTION = YES;
				GCC_WARN_UNUSED_VARIABLE = YES;
				IPHONEOS_DEPLOYMENT_TARGET = 10.0;
				MTL_ENABLE_DEBUG_INFO = NO;
				SDKROOT = iphoneos;
				VALIDATE_PRODUCT = YES;
			};
			name = Release;
		};
		C92A22801E867B0D0080C1D5 /* Debug */ = {
			isa = XCBuildConfiguration;
			baseConfigurationReference = 06BE0EDAF80CA0DF3C15C6B8 /* Pods-ChatX.debug.xcconfig */;
			buildSettings = {
				ASSETCATALOG_COMPILER_APPICON_NAME = AppIcon;
				CODE_SIGN_ENTITLEMENTS = ChatX/ChatX.entitlements;
				DEVELOPMENT_TEAM = 24SM6522LU;
				INFOPLIST_FILE = ChatX/Info.plist;
				LD_RUNPATH_SEARCH_PATHS = "$(inherited) @executable_path/Frameworks";
				PRODUCT_BUNDLE_IDENTIFIER = me.mcinnes.ChatX;
				PRODUCT_NAME = "$(TARGET_NAME)";
			};
			name = Debug;
		};
		C92A22811E867B0D0080C1D5 /* Release */ = {
			isa = XCBuildConfiguration;
			baseConfigurationReference = 37C4DD34327D8C025AC67C2D /* Pods-ChatX.release.xcconfig */;
			buildSettings = {
				ASSETCATALOG_COMPILER_APPICON_NAME = AppIcon;
				CODE_SIGN_ENTITLEMENTS = ChatX/ChatX.entitlements;
				DEVELOPMENT_TEAM = 24SM6522LU;
				INFOPLIST_FILE = ChatX/Info.plist;
				LD_RUNPATH_SEARCH_PATHS = "$(inherited) @executable_path/Frameworks";
				PRODUCT_BUNDLE_IDENTIFIER = me.mcinnes.ChatX;
				PRODUCT_NAME = "$(TARGET_NAME)";
			};
			name = Release;
		};
/* End XCBuildConfiguration section */

/* Begin XCConfigurationList section */
		C92A22631E867B0D0080C1D5 /* Build configuration list for PBXProject "ChatX" */ = {
			isa = XCConfigurationList;
			buildConfigurations = (
				C92A227D1E867B0D0080C1D5 /* Debug */,
				C92A227E1E867B0D0080C1D5 /* Release */,
			);
			defaultConfigurationIsVisible = 0;
			defaultConfigurationName = Release;
		};
		C92A227F1E867B0D0080C1D5 /* Build configuration list for PBXNativeTarget "ChatX" */ = {
			isa = XCConfigurationList;
			buildConfigurations = (
				C92A22801E867B0D0080C1D5 /* Debug */,
				C92A22811E867B0D0080C1D5 /* Release */,
			);
			defaultConfigurationIsVisible = 0;
			defaultConfigurationName = Release;
		};
/* End XCConfigurationList section */
	};
	rootObject = C92A22601E867B0D0080C1D5 /* Project object */;
}
